github.com/anshal1/migrations-package v0.0.0-20260317131447-1ef738404e5b h1:FJaIS0rkTeTJP7CmzFhnGeyqpyAUVUFKa9S3CWBe+nk=
github.com/anshal1/migrations-package v0.0.0-20260317131447-1ef738404e5b/go.mod h1:3TJ+qnRPnlmABHuiuJzbSdBD0vShS3DpIX6C4Ty1Jkk=
github.com/lib/pq v1.11.2 h1:x6gxUeu39V0BHZiugWe8LXZYZ+Utk7hSJGThs8sdzfs=
github.com/lib/pq v1.11.2/go.mod h1:/p+8NSbOcwzAEI7wiMXFlgydTwcgTr3OSKMsD2BitpA=
golang.org/x/crypto v0.49.0 h1:+Ng2ULVvLHnJ/ZFEq4KdcDd/cfjrrjjNSXNzxg0Y4U4=
golang.org/x/crypto v0.49.0/go.mod h1:ErX4dUh2UM+CFYiXZRTcMpEcN8b/1gxEuv3nODoYtCA=
